
Microsoft Visual Studio Solution File, Format Version 12.00
# Visual Studio Version 17
VisualStudioVersion = 17.1.32210.238
MinimumVisualStudioVersion = 10.0.40219.1
Project("{FAE04EC0-301F-11D3-BF4B-00C04F79EFBC}") = "ToysXML", "ToysXML.csproj", "{91D0524E-DE38-425C-9735-7689FE2A3767}"
EndProject
Global
	GlobalSection(SolutionConfigurationPlatforms) = preSolution
		Debug|Any CPU = Debug|Any CPU
		Release|Any CPU = Release|Any CPU
	EndGlobalSection
	GlobalSection(ProjectConfigurationPlatforms) = postSolution
		{91D0524E-DE38-425C-9735-7689FE2A3767}.Debug|Any CPU.ActiveCfg = Debug|Any CPU
		{91D0524E-DE38-425C-9735-7689FE2A3767}.Debug|Any CPU.Build.0 = Debug|Any CPU
		{91D0524E-DE38-425C-9735-7689FE2A3767}.Release|Any CPU.ActiveCfg = Release|Any CPU
		{91D0524E-DE38-425C-9735-7689FE2A3767}.Release|Any CPU.Build.0 = Release|Any CPU
	EndGlobalSection
	GlobalSection(SolutionProperties) = preSolution
		HideSolutionNode = FALSE
	EndGlobalSection
	GlobalSection(ExtensibilityGlobals) = postSolution
		SolutionGuid = {ADAC00C1-F73C-4303-A106-9BB59D7FC71B}
	EndGlobalSection
EndGlobal
